
Microsoft Visual Studio Solution File, Format Version 12.00
# Visual Studio 15
VisualStudioVersion = 15.0.28010.2036
MinimumVisualStudioVersion = 10.0.40219.1
Project("{FAE04EC0-301F-11D3-BF4B-00C04F79EFBC}") = "PaymentProcessor.AsRuleObjects", "PaymentProcessor.AsRuleObjects\PaymentProcessor.AsRuleObjects.csproj", "{2BD1C65F-D772-4AF3-84E0-7C247040657B}"
EndProject
Project("{FAE04EC0-301F-11D3-BF4B-00C04F79EFBC}") = "PaymentProcessor.AsRuleObjects.Tests", "PaymentProcessor.AsRuleObjects.Tests\PaymentProcessor.AsRuleObjects.Tests.csproj", "{5F42ED24-C247-45CA-91B2-9D44319AC792}"
EndProject
Global
	GlobalSection(SolutionConfigurationPlatforms) = preSolution
		Debug|Any CPU = Debug|Any CPU
		Release|Any CPU = Release|Any CPU
	EndGlobalSection
	GlobalSection(ProjectConfigurationPlatforms) = postSolution
		{2BD1C65F-D772-4AF3-84E0-7C247040657B}.Debug|Any CPU.ActiveCfg = Debug|Any CPU
		{2BD1C65F-D772-4AF3-84E0-7C247040657B}.Debug|Any CPU.Build.0 = Debug|Any CPU
		{2BD1C65F-D772-4AF3-84E0-7C247040657B}.Release|Any CPU.ActiveCfg = Release|Any CPU
		{2BD1C65F-D772-4AF3-84E0-7C247040657B}.Release|Any CPU.Build.0 = Release|Any CPU
		{5F42ED24-C247-45CA-91B2-9D44319AC792}.Debug|Any CPU.ActiveCfg = Debug|Any CPU
		{5F42ED24-C247-45CA-91B2-9D44319AC792}.Debug|Any CPU.Build.0 = Debug|Any CPU
		{5F42ED24-C247-45CA-91B2-9D44319AC792}.Release|Any CPU.ActiveCfg = Release|Any CPU
		{5F42ED24-C247-45CA-91B2-9D44319AC792}.Release|Any CPU.Build.0 = Release|Any CPU
	EndGlobalSection
	GlobalSection(SolutionProperties) = preSolution
		HideSolutionNode = FALSE
	EndGlobalSection
	GlobalSection(ExtensibilityGlobals) = postSolution
		SolutionGuid = {4CB35877-A663-40D4-B51D-DD9B215613E5}
	EndGlobalSection
EndGlobal
